
Microsoft Visual Studio Solution File, Format Version 12.00
# Visual Studio Version 17
VisualStudioVersion = 17.9.34723.18
MinimumVisualStudioVersion = 10.0.40219.1
Project("{FAE04EC0-301F-11D3-BF4B-00C04F79EFBC}") = "Basic Calculator", "Basic Calculator.csproj", "{BB1E466C-5F38-4B69-89CE-8ABD76FC4EFC}"
EndProject
Global
	GlobalSection(SolutionConfigurationPlatforms) = preSolution
		Debug|Any CPU = Debug|Any CPU
		Release|Any CPU = Release|Any CPU
	EndGlobalSection
	GlobalSection(ProjectConfigurationPlatforms) = postSolution
		{BB1E466C-5F38-4B69-89CE-8ABD76FC4EFC}.Debug|Any CPU.ActiveCfg = Debug|Any CPU
		{BB1E466C-5F38-4B69-89CE-8ABD76FC4EFC}.Debug|Any CPU.Build.0 = Debug|Any CPU
		{BB1E466C-5F38-4B69-89CE-8ABD76FC4EFC}.Release|Any CPU.ActiveCfg = Release|Any CPU
		{BB1E466C-5F38-4B69-89CE-8ABD76FC4EFC}.Release|Any CPU.Build.0 = Release|Any CPU
	EndGlobalSection
	GlobalSection(SolutionProperties) = preSolution
		HideSolutionNode = FALSE
	EndGlobalSection
	GlobalSection(ExtensibilityGlobals) = postSolution
		SolutionGuid = {BD72FF53-000B-45E5-B525-08335EB5A2C7}
	EndGlobalSection
EndGlobal
